
Microsoft Visual Studio Solution File, Format Version 12.00
# Visual Studio 15
VisualStudioVersion = 15.0.28307.572
MinimumVisualStudioVersion = 10.0.40219.1
Project("{FAE04EC0-301F-11D3-BF4B-00C04F79EFBC}") = "SecureVault", "SecureVault\SecureVault.csproj", "{F912B57F-F848-4922-B78B-AB8732FCFD3E}"
EndProject
Project("{FAE04EC0-301F-11D3-BF4B-00C04F79EFBC}") = "WixSharp SecureVault", "WixSharp SecureVault\WixSharp SecureVault.csproj", "{C9A243E5-6443-4A00-ACAC-C20A61286264}"
EndProject
Project("{FAE04EC0-301F-11D3-BF4B-00C04F79EFBC}") = "WixSharp SecureVault2", "WixSharp SecureVault2\WixSharp SecureVault2.csproj", "{C49BD0CD-BEE8-40C7-837F-9519ECE4334F}"
EndProject
Global
	GlobalSection(SolutionConfigurationPlatforms) = preSolution
		Debug|Any CPU = Debug|Any CPU
		Debug|x64 = Debug|x64
		Release|Any CPU = Release|Any CPU
		Release|x64 = Release|x64
	EndGlobalSection
	GlobalSection(ProjectConfigurationPlatforms) = postSolution
		{F912B57F-F848-4922-B78B-AB8732FCFD3E}.Debug|Any CPU.ActiveCfg = Debug|Any CPU
		{F912B57F-F848-4922-B78B-AB8732FCFD3E}.Debug|Any CPU.Build.0 = Debug|Any CPU
		{F912B57F-F848-4922-B78B-AB8732FCFD3E}.Debug|x64.ActiveCfg = Debug|x64
		{F912B57F-F848-4922-B78B-AB8732FCFD3E}.Debug|x64.Build.0 = Debug|x64
		{F912B57F-F848-4922-B78B-AB8732FCFD3E}.Release|Any CPU.ActiveCfg = Release|Any CPU
		{F912B57F-F848-4922-B78B-AB8732FCFD3E}.Release|Any CPU.Build.0 = Release|Any CPU
		{F912B57F-F848-4922-B78B-AB8732FCFD3E}.Release|x64.ActiveCfg = Release|x64
		{F912B57F-F848-4922-B78B-AB8732FCFD3E}.Release|x64.Build.0 = Release|x64
		{C9A243E5-6443-4A00-ACAC-C20A61286264}.Debug|Any CPU.ActiveCfg = Debug|Any CPU
		{C9A243E5-6443-4A00-ACAC-C20A61286264}.Debug|Any CPU.Build.0 = Debug|Any CPU
		{C9A243E5-6443-4A00-ACAC-C20A61286264}.Debug|x64.ActiveCfg = Debug|Any CPU
		{C9A243E5-6443-4A00-ACAC-C20A61286264}.Debug|x64.Build.0 = Debug|Any CPU
		{C9A243E5-6443-4A00-ACAC-C20A61286264}.Release|Any CPU.ActiveCfg = Release|Any CPU
		{C9A243E5-6443-4A00-ACAC-C20A61286264}.Release|Any CPU.Build.0 = Release|Any CPU
		{C9A243E5-6443-4A00-ACAC-C20A61286264}.Release|x64.ActiveCfg = Release|Any CPU
		{C9A243E5-6443-4A00-ACAC-C20A61286264}.Release|x64.Build.0 = Release|Any CPU
		{C49BD0CD-BEE8-40C7-837F-9519ECE4334F}.Debug|Any CPU.ActiveCfg = Debug|Any CPU
		{C49BD0CD-BEE8-40C7-837F-9519ECE4334F}.Debug|Any CPU.Build.0 = Debug|Any CPU
		{C49BD0CD-BEE8-40C7-837F-9519ECE4334F}.Debug|x64.ActiveCfg = Debug|Any CPU
		{C49BD0CD-BEE8-40C7-837F-9519ECE4334F}.Debug|x64.Build.0 = Debug|Any CPU
		{C49BD0CD-BEE8-40C7-837F-9519ECE4334F}.Release|Any CPU.ActiveCfg = Release|Any CPU
		{C49BD0CD-BEE8-40C7-837F-9519ECE4334F}.Release|Any CPU.Build.0 = Release|Any CPU
		{C49BD0CD-BEE8-40C7-837F-9519ECE4334F}.Release|x64.ActiveCfg = Release|Any CPU
		{C49BD0CD-BEE8-40C7-837F-9519ECE4334F}.Release|x64.Build.0 = Release|Any CPU
	EndGlobalSection
	GlobalSection(SolutionProperties) = preSolution
		HideSolutionNode = FALSE
	EndGlobalSection
	GlobalSection(ExtensibilityGlobals) = postSolution
		SolutionGuid = {2B7B9379-847B-4902-960C-3F58469F81E3}
	EndGlobalSection
EndGlobal
